
Microsoft Visual Studio Solution File, Format Version 12.00
# Visual Studio Version 17
VisualStudioVersion = 17.1.32319.34
MinimumVisualStudioVersion = 10.0.40219.1
Project("{9A19103F-16F7-4668-BE54-9A1E7A4F7556}") = "DemoAPI5", "DemoAPI5\DemoAPI5.csproj", "{792D6FC3-D04A-4EDF-9D6C-0F0E13A05665}"
EndProject
Global
	GlobalSection(SolutionConfigurationPlatforms) = preSolution
		Debug|Any CPU = Debug|Any CPU
		Release|Any CPU = Release|Any CPU
	EndGlobalSection
	GlobalSection(ProjectConfigurationPlatforms) = postSolution
		{792D6FC3-D04A-4EDF-9D6C-0F0E13A05665}.Debug|Any CPU.ActiveCfg = Debug|Any CPU
		{792D6FC3-D04A-4EDF-9D6C-0F0E13A05665}.Debug|Any CPU.Build.0 = Debug|Any CPU
		{792D6FC3-D04A-4EDF-9D6C-0F0E13A05665}.Release|Any CPU.ActiveCfg = Release|Any CPU
		{792D6FC3-D04A-4EDF-9D6C-0F0E13A05665}.Release|Any CPU.Build.0 = Release|Any CPU
	EndGlobalSection
	GlobalSection(SolutionProperties) = preSolution
		HideSolutionNode = FALSE
	EndGlobalSection
	GlobalSection(ExtensibilityGlobals) = postSolution
		SolutionGuid = {26DECF14-FE79-436F-9BB4-E78898A08877}
	EndGlobalSection
EndGlobal
